
Microsoft Visual Studio Solution File, Format Version 12.00
# Visual Studio 15
VisualStudioVersion = 15.0.28307.902
MinimumVisualStudioVersion = 10.0.40219.1
Project("{FAE04EC0-301F-11D3-BF4B-00C04F79EFBC}") = "Controle_Acesso", "Controle_Acesso\Controle_Acesso.csproj", "{19952F96-D38B-4870-813D-17C2FF81A74E}"
EndProject
Global
	GlobalSection(SolutionConfigurationPlatforms) = preSolution
		Debug|Any CPU = Debug|Any CPU
		Release|Any CPU = Release|Any CPU
	EndGlobalSection
	GlobalSection(ProjectConfigurationPlatforms) = postSolution
		{19952F96-D38B-4870-813D-17C2FF81A74E}.Debug|Any CPU.ActiveCfg = Debug|Any CPU
		{19952F96-D38B-4870-813D-17C2FF81A74E}.Debug|Any CPU.Build.0 = Debug|Any CPU
		{19952F96-D38B-4870-813D-17C2FF81A74E}.Release|Any CPU.ActiveCfg = Release|Any CPU
		{19952F96-D38B-4870-813D-17C2FF81A74E}.Release|Any CPU.Build.0 = Release|Any CPU
	EndGlobalSection
	GlobalSection(SolutionProperties) = preSolution
		HideSolutionNode = FALSE
	EndGlobalSection
	GlobalSection(ExtensibilityGlobals) = postSolution
		SolutionGuid = {06947749-40B3-440D-A59E-B1C82EE2EA33}
	EndGlobalSection
EndGlobal
